
Microsoft Visual Studio Solution File, Format Version 12.00
# Visual Studio 15
Project("{FAE04EC0-301F-11D3-BF4B-00C04F79EFBC}") = "HoloBIM", "HoloBIM.csproj", "{9451E2DB-00A4-2B88-A56D-8DC3310D0355}"
EndProject
Project("{FAE04EC0-301F-11D3-BF4B-00C04F79EFBC}") = "HoloBIM.Editor", "HoloBIM.Editor.csproj", "{F8236BBD-DB3C-E854-1398-01E6B24E3701}"
EndProject
Global
	GlobalSection(SolutionConfigurationPlatforms) = preSolution
		Debug|Any CPU = Debug|Any CPU
		Release|Any CPU = Release|Any CPU
	EndGlobalSection
	GlobalSection(ProjectConfigurationPlatforms) = postSolution
		{9451E2DB-00A4-2B88-A56D-8DC3310D0355}.Debug|Any CPU.ActiveCfg = Debug|Any CPU
		{9451E2DB-00A4-2B88-A56D-8DC3310D0355}.Debug|Any CPU.Build.0 = Debug|Any CPU
		{9451E2DB-00A4-2B88-A56D-8DC3310D0355}.Release|Any CPU.ActiveCfg = Release|Any CPU
		{9451E2DB-00A4-2B88-A56D-8DC3310D0355}.Release|Any CPU.Build.0 = Release|Any CPU
		{F8236BBD-DB3C-E854-1398-01E6B24E3701}.Debug|Any CPU.ActiveCfg = Debug|Any CPU
		{F8236BBD-DB3C-E854-1398-01E6B24E3701}.Debug|Any CPU.Build.0 = Debug|Any CPU
		{F8236BBD-DB3C-E854-1398-01E6B24E3701}.Release|Any CPU.ActiveCfg = Release|Any CPU
		{F8236BBD-DB3C-E854-1398-01E6B24E3701}.Release|Any CPU.Build.0 = Release|Any CPU
	EndGlobalSection
	GlobalSection(SolutionProperties) = preSolution
		HideSolutionNode = FALSE
	EndGlobalSection
EndGlobal
